// !$*UTF8*$!
{
	archiveVersion = 1;
	classes = {
	};
	objectVersion = 56;
	objects = {

/* Begin PBXBuildFile section */
		8300B29D2A1A172100B67400 /* Board.cpp in Sources */ = {isa = PBXBuildFile; fileRef = 8300B29B2A1A172100B67400 /* Board.cpp */; };
		8300B2A02A1A180100B67400 /* Node.cpp in Sources */ = {isa = PBXBuildFile; fileRef = 8300B29E2A1A180100B67400 /* Node.cpp */; };
		8300B2A22A1A21C000B67400 /* AiDriver.cpp in Sources */ = {isa = PBXBuildFile; fileRef = 8300B2A12A1A21C000B67400 /* AiDriver.cpp */; };
		836BB3902A209FE6000FD9F1 /* OptionsViewController.swift in Sources */ = {isa = PBXBuildFile; fileRef = 836BB38F2A209FE6000FD9F1 /* OptionsViewController.swift */; };
		838FAB752A1D76D700101FD6 /* CppWrapper.mm in Sources */ = {isa = PBXBuildFile; fileRef = 838FAB742A1D76D700101FD6 /* CppWrapper.mm */; };
		83ACB75F2A02638200D5BE96 /* AppDelegate.swift in Sources */ = {isa = PBXBuildFile; fileRef = 83ACB75E2A02638200D5BE96 /* AppDelegate.swift */; };
		83ACB7612A02638200D5BE96 /* SceneDelegate.swift in Sources */ = {isa = PBXBuildFile; fileRef = 83ACB7602A02638200D5BE96 /* SceneDelegate.swift */; };
		83ACB7632A02638200D5BE96 /* ViewController.swift in Sources */ = {isa = PBXBuildFile; fileRef = 83ACB7622A02638200D5BE96 /* ViewController.swift */; };
		83ACB7662A02638200D5BE96 /* Main.storyboard in Resources */ = {isa = PBXBuildFile; fileRef = 83ACB7642A02638200D5BE96 /* Main.storyboard */; };
		83ACB7682A02638300D5BE96 /* Assets.xcassets in Resources */ = {isa = PBXBuildFile; fileRef = 83ACB7672A02638300D5BE96 /* Assets.xcassets */; };
		83ACB76B2A02638300D5BE96 /* LaunchScreen.storyboard in Resources */ = {isa = PBXBuildFile; fileRef = 83ACB7692A02638300D5BE96 /* LaunchScreen.storyboard */; };
		83ACB7762A02638300D5BE96 /* tictactoeTests.swift in Sources */ = {isa = PBXBuildFile; fileRef = 83ACB7752A02638300D5BE96 /* tictactoeTests.swift */; };
		83ACB7802A02638300D5BE96 /* tictactoeUITests.swift in Sources */ = {isa = PBXBuildFile; fileRef = 83ACB77F2A02638300D5BE96 /* tictactoeUITests.swift */; };
		83ACB7822A02638300D5BE96 /* tictactoeUITestsLaunchTests.swift in Sources */ = {isa = PBXBuildFile; fileRef = 83ACB7812A02638300D5BE96 /* tictactoeUITestsLaunchTests.swift */; };
/* End PBXBuildFile section */

/* Begin PBXContainerItemProxy section */
		83ACB7722A02638300D5BE96 /* PBXContainerItemProxy */ = {
			isa = PBXContainerItemProxy;
			containerPortal = 83ACB7532A02638200D5BE96 /* Project object */;
			proxyType = 1;
			remoteGlobalIDString = 83ACB75A2A02638200D5BE96;
			remoteInfo = tictactoe;
		};
		83ACB77C2A02638300D5BE96 /* PBXContainerItemProxy */ = {
			isa = PBXContainerItemProxy;
			containerPortal = 83ACB7532A02638200D5BE96 /* Project object */;
			proxyType = 1;
			remoteGlobalIDString = 83ACB75A2A02638200D5BE96;
			remoteInfo = tictactoe;
		};
/* End PBXContainerItemProxy section */

/* Begin PBXFileReference section */
		8300B29A2A1A172100B67400 /* tictactoe-Bridging-Header.h */ = {isa = PBXFileReference; lastKnownFileType = sourcecode.c.h; path = "tictactoe-Bridging-Header.h"; sourceTree = "<group>"; };
		8300B29B2A1A172100B67400 /* Board.cpp */ = {isa = PBXFileReference; lastKnownFileType = sourcecode.cpp.cpp; path = Board.cpp; sourceTree = "<group>"; };
		8300B29C2A1A172100B67400 /* Board.hpp */ = {isa = PBXFileReference; lastKnownFileType = sourcecode.cpp.h; path = Board.hpp; sourceTree = "<group>"; };
		8300B29E2A1A180100B67400 /* Node.cpp */ = {isa = PBXFileReference; lastKnownFileType = sourcecode.cpp.cpp; path = Node.cpp; sourceTree = "<group>"; };
		8300B29F2A1A180100B67400 /* Node.hpp */ = {isa = PBXFileReference; lastKnownFileType = sourcecode.cpp.h; path = Node.hpp; sourceTree = "<group>"; };
		8300B2A12A1A21C000B67400 /* AiDriver.cpp */ = {isa = PBXFileReference; lastKnownFileType = sourcecode.cpp.cpp; path = AiDriver.cpp; sourceTree = "<group>"; };
		8300B2A32A1C5A9500B67400 /* AiDriver.h */ = {isa = PBXFileReference; lastKnownFileType = sourcecode.c.h; path = AiDriver.h; sourceTree = "<group>"; };
		836BB38F2A209FE6000FD9F1 /* OptionsViewController.swift */ = {isa = PBXFileReference; lastKnownFileType = sourcecode.swift; path = OptionsViewController.swift; sourceTree = "<group>"; };
		838FAB732A1D759000101FD6 /* CppWrapper.h */ = {isa = PBXFileReference; lastKnownFileType = sourcecode.c.h; path = CppWrapper.h; sourceTree = "<group>"; };
		838FAB742A1D76D700101FD6 /* CppWrapper.mm */ = {isa = PBXFileReference; lastKnownFileType = sourcecode.cpp.objcpp; path = CppWrapper.mm; sourceTree = "<group>"; };
		83ACB75B2A02638200D5BE96 /* tictactoe.app */ = {isa = PBXFileReference; explicitFileType = wrapper.application; includeInIndex = 0; path = tictactoe.app; sourceTree = BUILT_PRODUCTS_DIR; };
		83ACB75E2A02638200D5BE96 /* AppDelegate.swift */ = {isa = PBXFileReference; lastKnownFileType = sourcecode.swift; path = AppDelegate.swift; sourceTree = "<group>"; };
		83ACB7602A02638200D5BE96 /* SceneDelegate.swift */ = {isa = PBXFileReference; lastKnownFileType = sourcecode.swift; path = SceneDelegate.swift; sourceTree = "<group>"; };
		83ACB7622A02638200D5BE96 /* ViewController.swift */ = {isa = PBXFileReference; lastKnownFileType = sourcecode.swift; path = ViewController.swift; sourceTree = "<group>"; };
		83ACB7652A02638200D5BE96 /* Base */ = {isa = PBXFileReference; lastKnownFileType = file.storyboard; name = Base; path = Base.lproj/Main.storyboard; sourceTree = "<group>"; };
		83ACB7672A02638300D5BE96 /* Assets.xcassets */ = {isa = PBXFileReference; lastKnownFileType = folder.assetcatalog; path = Assets.xcassets; sourceTree = "<group>"; };
		83ACB76A2A02638300D5BE96 /* Base */ = {isa = PBXFileReference; lastKnownFileType = file.storyboard; name = Base; path = Base.lproj/LaunchScreen.storyboard; sourceTree = "<group>"; };
		83ACB76C2A02638300D5BE96 /* Info.plist */ = {isa = PBXFileReference; lastKnownFileType = text.plist.xml; path = Info.plist; sourceTree = "<group>"; };
		83ACB7712A02638300D5BE96 /* tictactoeTests.xctest */ = {isa = PBXFileReference; explicitFileType = wrapper.cfbundle; includeInIndex = 0; path = tictactoeTests.xctest; sourceTree = BUILT_PRODUCTS_DIR; };
		83ACB7752A02638300D5BE96 /* tictactoeTests.swift */ = {isa = PBXFileReference; lastKnownFileType = sourcecode.swift; path = tictactoeTests.swift; sourceTree = "<group>"; };
		83ACB77B2A02638300D5BE96 /* tictactoeUITests.xctest */ = {isa = PBXFileReference; explicitFileType = wrapper.cfbundle; includeInIndex = 0; path = tictactoeUITests.xctest; sourceTree = BUILT_PRODUCTS_DIR; };
		83ACB77F2A02638300D5BE96 /* tictactoeUITests.swift */ = {isa = PBXFileReference; lastKnownFileType = sourcecode.swift; path = tictactoeUITests.swift; sourceTree = "<group>"; };
		83ACB7812A02638300D5BE96 /* tictactoeUITestsLaunchTests.swift */ = {isa = PBXFileReference; lastKnownFileType = sourcecode.swift; path = tictactoeUITestsLaunchTests.swift; sourceTree = "<group>"; };
/* End PBXFileReference section */

/* Begin PBXFrameworksBuildPhase section */
		83ACB7582A02638200D5BE96 /* Frameworks */ = {
			isa = PBXFrameworksBuildPhase;
			buildActionMask = 2147483647;
			files = (
			);
			runOnlyForDeploymentPostprocessing = 0;
		};
		83ACB76E2A02638300D5BE96 /* Frameworks */ = {
			isa = PBXFrameworksBuildPhase;
			buildActionMask = 2147483647;
			files = (
			);
			runOnlyForDeploymentPostprocessing = 0;
		};
		83ACB7782A02638300D5BE96 /* Frameworks */ = {
			isa = PBXFrameworksBuildPhase;
			buildActionMask = 2147483647;
			files = (
			);
			runOnlyForDeploymentPostprocessing = 0;
		};
/* End PBXFrameworksBuildPhase section */

/* Begin PBXGroup section */
		83ACB7522A02638200D5BE96 = {
			isa = PBXGroup;
			children = (
				83ACB75D2A02638200D5BE96 /* tictactoe */,
				83ACB7742A02638300D5BE96 /* tictactoeTests */,
				83ACB77E2A02638300D5BE96 /* tictactoeUITests */,
				83ACB75C2A02638200D5BE96 /* Products */,
			);
			sourceTree = "<group>";
		};
		83ACB75C2A02638200D5BE96 /* Products */ = {
			isa = PBXGroup;
			children = (
				83ACB75B2A02638200D5BE96 /* tictactoe.app */,
				83ACB7712A02638300D5BE96 /* tictactoeTests.xctest */,
				83ACB77B2A02638300D5BE96 /* tictactoeUITests.xctest */,
			);
			name = Products;
			sourceTree = "<group>";
		};
		83ACB75D2A02638200D5BE96 /* tictactoe */ = {
			isa = PBXGroup;
			children = (
				838FAB732A1D759000101FD6 /* CppWrapper.h */,
				838FAB742A1D76D700101FD6 /* CppWrapper.mm */,
				83ACB75E2A02638200D5BE96 /* AppDelegate.swift */,
				83ACB7602A02638200D5BE96 /* SceneDelegate.swift */,
				83ACB7622A02638200D5BE96 /* ViewController.swift */,
				83ACB7642A02638200D5BE96 /* Main.storyboard */,
				836BB38F2A209FE6000FD9F1 /* OptionsViewController.swift */,
				8300B29B2A1A172100B67400 /* Board.cpp */,
				8300B2A12A1A21C000B67400 /* AiDriver.cpp */,
				8300B2A32A1C5A9500B67400 /* AiDriver.h */,
				8300B29E2A1A180100B67400 /* Node.cpp */,
				8300B29F2A1A180100B67400 /* Node.hpp */,
				8300B29C2A1A172100B67400 /* Board.hpp */,
				83ACB7672A02638300D5BE96 /* Assets.xcassets */,
				83ACB7692A02638300D5BE96 /* LaunchScreen.storyboard */,
				83ACB76C2A02638300D5BE96 /* Info.plist */,
				8300B29A2A1A172100B67400 /* tictactoe-Bridging-Header.h */,
			);
			path = tictactoe;
			sourceTree = "<group>";
		};
		83ACB7742A02638300D5BE96 /* tictactoeTests */ = {
			isa = PBXGroup;
			children = (
				83ACB7752A02638300D5BE96 /* tictactoeTests.swift */,
			);
			path = tictactoeTests;
			sourceTree = "<group>";
		};
		83ACB77E2A02638300D5BE96 /* tictactoeUITests */ = {
			isa = PBXGroup;
			children = (
				83ACB77F2A02638300D5BE96 /* tictactoeUITests.swift */,
				83ACB7812A02638300D5BE96 /* tictactoeUITestsLaunchTests.swift */,
			);
			path = tictactoeUITests;
			sourceTree = "<group>";
		};
/* End PBXGroup section */

/* Begin PBXNativeTarget section */
		83ACB75A2A02638200D5BE96 /* tictactoe */ = {
			isa = PBXNativeTarget;
			buildConfigurationList = 83ACB7852A02638300D5BE96 /* Build configuration list for PBXNativeTarget "tictactoe" */;
			buildPhases = (
				83ACB7572A02638200D5BE96 /* Sources */,
				83ACB7582A02638200D5BE96 /* Frameworks */,
				83ACB7592A02638200D5BE96 /* Resources */,
			);
			buildRules = (
			);
			dependencies = (
			);
			name = tictactoe;
			productName = tictactoe;
			productReference = 83ACB75B2A02638200D5BE96 /* tictactoe.app */;
			productType = "com.apple.product-type.application";
		};
		83ACB7702A02638300D5BE96 /* tictactoeTests */ = {
			isa = PBXNativeTarget;
			buildConfigurationList = 83ACB7882A02638300D5BE96 /* Build configuration list for PBXNativeTarget "tictactoeTests" */;
			buildPhases = (
				83ACB76D2A02638300D5BE96 /* Sources */,
				83ACB76E2A02638300D5BE96 /* Frameworks */,
				83ACB76F2A02638300D5BE96 /* Resources */,
			);
			buildRules = (
			);
			dependencies = (
				83ACB7732A02638300D5BE96 /* PBXTargetDependency */,
			);
			name = tictactoeTests;
			productName = tictactoeTests;
			productReference = 83ACB7712A02638300D5BE96 /* tictactoeTests.xctest */;
			productType = "com.apple.product-type.bundle.unit-test";
		};
		83ACB77A2A02638300D5BE96 /* tictactoeUITests */ = {
			isa = PBXNativeTarget;
			buildConfigurationList = 83ACB78B2A02638300D5BE96 /* Build configuration list for PBXNativeTarget "tictactoeUITests" */;
			buildPhases = (
				83ACB7772A02638300D5BE96 /* Sources */,
				83ACB7782A02638300D5BE96 /* Frameworks */,
				83ACB7792A02638300D5BE96 /* Resources */,
			);
			buildRules = (
			);
			dependencies = (
				83ACB77D2A02638300D5BE96 /* PBXTargetDependency */,
			);
			name = tictactoeUITests;
			productName = tictactoeUITests;
			productReference = 83ACB77B2A02638300D5BE96 /* tictactoeUITests.xctest */;
			productType = "com.apple.product-type.bundle.ui-testing";
		};
/* End PBXNativeTarget section */

/* Begin PBXProject section */
		83ACB7532A02638200D5BE96 /* Project object */ = {
			isa = PBXProject;
			attributes = {
				BuildIndependentTargetsInParallel = 1;
				LastSwiftUpdateCheck = 1430;
				LastUpgradeCheck = 1430;
				TargetAttributes = {
					83ACB75A2A02638200D5BE96 = {
						CreatedOnToolsVersion = 14.3;
						LastSwiftMigration = 1430;
					};
					83ACB7702A02638300D5BE96 = {
						CreatedOnToolsVersion = 14.3;
						TestTargetID = 83ACB75A2A02638200D5BE96;
					};
					83ACB77A2A02638300D5BE96 = {
						CreatedOnToolsVersion = 14.3;
						TestTargetID = 83ACB75A2A02638200D5BE96;
					};
				};
			};
			buildConfigurationList = 83ACB7562A02638200D5BE96 /* Build configuration list for PBXProject "tictactoe" */;
			compatibilityVersion = "Xcode 14.0";
			developmentRegion = en;
			hasScannedForEncodings = 0;
			knownRegions = (
				en,
				Base,
			);
			mainGroup = 83ACB7522A02638200D5BE96;
			productRefGroup = 83ACB75C2A02638200D5BE96 /* Products */;
			projectDirPath = "";
			projectRoot = "";
			targets = (
				83ACB75A2A02638200D5BE96 /* tictactoe */,
				83ACB7702A02638300D5BE96 /* tictactoeTests */,
				83ACB77A2A02638300D5BE96 /* tictactoeUITests */,
			);
		};
/* End PBXProject section */

/* Begin PBXResourcesBuildPhase section */
		83ACB7592A02638200D5BE96 /* Resources */ = {
			isa = PBXResourcesBuildPhase;
			buildActionMask = 2147483647;
			files = (
				83ACB76B2A02638300D5BE96 /* LaunchScreen.storyboard in Resources */,
				83ACB7682A02638300D5BE96 /* Assets.xcassets in Resources */,
				83ACB7662A02638200D5BE96 /* Main.storyboard in Resources */,
			);
			runOnlyForDeploymentPostprocessing = 0;
		};
		83ACB76F2A02638300D5BE96 /* Resources */ = {
			isa = PBXResourcesBuildPhase;
			buildActionMask = 2147483647;
			files = (
			);
			runOnlyForDeploymentPostprocessing = 0;
		};
		83ACB7792A02638300D5BE96 /* Resources */ = {
			isa = PBXResourcesBuildPhase;
			buildActionMask = 2147483647;
			files = (
			);
			runOnlyForDeploymentPostprocessing = 0;
		};
/* End PBXResourcesBuildPhase section */

/* Begin PBXSourcesBuildPhase section */
		83ACB7572A02638200D5BE96 /* Sources */ = {
			isa = PBXSourcesBuildPhase;
			buildActionMask = 2147483647;
			files = (
				83ACB7632A02638200D5BE96 /* ViewController.swift in Sources */,
				836BB3902A209FE6000FD9F1 /* OptionsViewController.swift in Sources */,
				8300B2A22A1A21C000B67400 /* AiDriver.cpp in Sources */,
				83ACB75F2A02638200D5BE96 /* AppDelegate.swift in Sources */,
				8300B29D2A1A172100B67400 /* Board.cpp in Sources */,
				838FAB752A1D76D700101FD6 /* CppWrapper.mm in Sources */,
				83ACB7612A02638200D5BE96 /* SceneDelegate.swift in Sources */,
				8300B2A02A1A180100B67400 /* Node.cpp in Sources */,
			);
			runOnlyForDeploymentPostprocessing = 0;
		};
		83ACB76D2A02638300D5BE96 /* Sources */ = {
			isa = PBXSourcesBuildPhase;
			buildActionMask = 2147483647;
			files = (
				83ACB7762A02638300D5BE96 /* tictactoeTests.swift in Sources */,
			);
			runOnlyForDeploymentPostprocessing = 0;
		};
		83ACB7772A02638300D5BE96 /* Sources */ = {
			isa = PBXSourcesBuildPhase;
			buildActionMask = 2147483647;
			files = (
				83ACB7802A02638300D5BE96 /* tictactoeUITests.swift in Sources */,
				83ACB7822A02638300D5BE96 /* tictactoeUITestsLaunchTests.swift in Sources */,
			);
			runOnlyForDeploymentPostprocessing = 0;
		};
/* End PBXSourcesBuildPhase section */

/* Begin PBXTargetDependency section */
		83ACB7732A02638300D5BE96 /* PBXTargetDependency */ = {
			isa = PBXTargetDependency;
			target = 83ACB75A2A02638200D5BE96 /* tictactoe */;
			targetProxy = 83ACB7722A02638300D5BE96 /* PBXContainerItemProxy */;
		};
		83ACB77D2A02638300D5BE96 /* PBXTargetDependency */ = {
			isa = PBXTargetDependency;
			target = 83ACB75A2A02638200D5BE96 /* tictactoe */;
			targetProxy = 83ACB77C2A02638300D5BE96 /* PBXContainerItemProxy */;
		};
/* End PBXTargetDependency section */

/* Begin PBXVariantGroup section */
		83ACB7642A02638200D5BE96 /* Main.storyboard */ = {
			isa = PBXVariantGroup;
			children = (
				83ACB7652A02638200D5BE96 /* Base */,
			);
			name = Main.storyboard;
			sourceTree = "<group>";
		};
		83ACB7692A02638300D5BE96 /* LaunchScreen.storyboard */ = {
			isa = PBXVariantGroup;
			children = (
				83ACB76A2A02638300D5BE96 /* Base */,
			);
			name = LaunchScreen.storyboard;
			sourceTree = "<group>";
		};
/* End PBXVariantGroup section */

/* Begin XCBuildConfiguration section */
		83ACB7832A02638300D5BE96 /* Debug */ = {
			isa = XCBuildConfiguration;
			buildSettings = {
				ALWAYS_SEARCH_USER_PATHS = NO;
				CLANG_ANALYZER_NONNULL = YES;
				CLANG_ANALYZER_NUMBER_OBJECT_CONVERSION = YES_AGGRESSIVE;
				CLANG_CXX_LANGUAGE_STANDARD = "gnu++20";
				CLANG_ENABLE_MODULES = YES;
				CLANG_ENABLE_OBJC_ARC = YES;
				CLANG_ENABLE_OBJC_WEAK = YES;
				CLANG_WARN_BLOCK_CAPTURE_AUTORELEASING = YES;
				CLANG_WARN_BOOL_CONVERSION = YES;
				CLANG_WARN_COMMA = YES;
				CLANG_WARN_CONSTANT_CONVERSION = YES;
				CLANG_WARN_DEPRECATED_OBJC_IMPLEMENTATIONS = YES;
				CLANG_WARN_DIRECT_OBJC_ISA_USAGE = YES_ERROR;
				CLANG_WARN_DOCUMENTATION_COMMENTS = YES;
				CLANG_WARN_EMPTY_BODY = YES;
				CLANG_WARN_ENUM_CONVERSION = YES;
				CLANG_WARN_INFINITE_RECURSION = YES;
				CLANG_WARN_INT_CONVERSION = YES;
				CLANG_WARN_NON_LITERAL_NULL_CONVERSION = YES;
				CLANG_WARN_OBJC_IMPLICIT_RETAIN_SELF = YES;
				CLANG_WARN_OBJC_LITERAL_CONVERSION = YES;
				CLANG_WARN_OBJC_ROOT_CLASS = YES_ERROR;
				CLANG_WARN_QUOTED_INCLUDE_IN_FRAMEWORK_HEADER = YES;
				CLANG_WARN_RANGE_LOOP_ANALYSIS = YES;
				CLANG_WARN_STRICT_PROTOTYPES = YES;
				CLANG_WARN_SUSPICIOUS_MOVE = YES;
				CLANG_WARN_UNGUARDED_AVAILABILITY = YES_AGGRESSIVE;
				CLANG_WARN_UNREACHABLE_CODE = YES;
				CLANG_WARN__DUPLICATE_METHOD_MATCH = YES;
				COPY_PHASE_STRIP = NO;
				DEBUG_INFORMATION_FORMAT = dwarf;
				ENABLE_STRICT_OBJC_MSGSEND = YES;
				ENABLE_TESTABILITY = YES;
				GCC_C_LANGUAGE_STANDARD = gnu11;
				GCC_DYNAMIC_NO_PIC = NO;
				GCC_NO_COMMON_BLOCKS = YES;
				GCC_OPTIMIZATION_LEVEL = 0;
				GCC_PREPROCESSOR_DEFINITIONS = (
					"DEBUG=1",
					"$(inherited)",
				);
				GCC_WARN_64_TO_32_BIT_CONVERSION = YES;
				GCC_WARN_ABOUT_RETURN_TYPE = YES_ERROR;
				GCC_WARN_UNDECLARED_SELECTOR = YES;
				GCC_WARN_UNINITIALIZED_AUTOS = YES_AGGRESSIVE;
				GCC_WARN_UNUSED_FUNCTION = YES;
				GCC_WARN_UNUSED_VARIABLE = YES;
				IPHONEOS_DEPLOYMENT_TARGET = 16.4;
				MTL_ENABLE_DEBUG_INFO = INCLUDE_SOURCE;
				MTL_FAST_MATH = YES;
				ONLY_ACTIVE_ARCH = YES;
				SDKROOT = iphoneos;
				SWIFT_ACTIVE_COMPILATION_CONDITIONS = DEBUG;
				SWIFT_OPTIMIZATION_LEVEL = "-Onone";
			};
			name = Debug;
		};
		83ACB7842A02638300D5BE96 /* Release */ = {
			isa = XCBuildConfiguration;
			buildSettings = {
				ALWAYS_SEARCH_USER_PATHS = NO;
				CLANG_ANALYZER_NONNULL = YES;
				CLANG_ANALYZER_NUMBER_OBJECT_CONVERSION = YES_AGGRESSIVE;
				CLANG_CXX_LANGUAGE_STANDARD = "gnu++20";
				CLANG_ENABLE_MODULES = YES;
				CLANG_ENABLE_OBJC_ARC = YES;
				CLANG_ENABLE_OBJC_WEAK = YES;
				CLANG_WARN_BLOCK_CAPTURE_AUTORELEASING = YES;
				CLANG_WARN_BOOL_CONVERSION = YES;
				CLANG_WARN_COMMA = YES;
				CLANG_WARN_CONSTANT_CONVERSION = YES;
				CLANG_WARN_DEPRECATED_OBJC_IMPLEMENTATIONS = YES;
				CLANG_WARN_DIRECT_OBJC_ISA_USAGE = YES_ERROR;
				CLANG_WARN_DOCUMENTATION_COMMENTS = YES;
				CLANG_WARN_EMPTY_BODY = YES;
				CLANG_WARN_ENUM_CONVERSION = YES;
				CLANG_WARN_INFINITE_RECURSION = YES;
				CLANG_WARN_INT_CONVERSION = YES;
				CLANG_WARN_NON_LITERAL_NULL_CONVERSION = YES;
				CLANG_WARN_OBJC_IMPLICIT_RETAIN_SELF = YES;
				CLANG_WARN_OBJC_LITERAL_CONVERSION = YES;
				CLANG_WARN_OBJC_ROOT_CLASS = YES_ERROR;
				CLANG_WARN_QUOTED_INCLUDE_IN_FRAMEWORK_HEADER = YES;
				CLANG_WARN_RANGE_LOOP_ANALYSIS = YES;
				CLANG_WARN_STRICT_PROTOTYPES = YES;
				CLANG_WARN_SUSPICIOUS_MOVE = YES;
				CLANG_WARN_UNGUARDED_AVAILABILITY = YES_AGGRESSIVE;
				CLANG_WARN_UNREACHABLE_CODE = YES;
				CLANG_WARN__DUPLICATE_METHOD_MATCH = YES;
				COPY_PHASE_STRIP = NO;
				DEBUG_INFORMATION_FORMAT = "dwarf-with-dsym";
				ENABLE_NS_ASSERTIONS = NO;
				ENABLE_STRICT_OBJC_MSGSEND = YES;
				GCC_C_LANGUAGE_STANDARD = gnu11;
				GCC_NO_COMMON_BLOCKS = YES;
				GCC_WARN_64_TO_32_BIT_CONVERSION = YES;
				GCC_WARN_ABOUT_RETURN_TYPE = YES_ERROR;
				GCC_WARN_UNDECLARED_SELECTOR = YES;
				GCC_WARN_UNINITIALIZED_AUTOS = YES_AGGRESSIVE;
				GCC_WARN_UNUSED_FUNCTION = YES;
				GCC_WARN_UNUSED_VARIABLE = YES;
				IPHONEOS_DEPLOYMENT_TARGET = 16.4;
				MTL_ENABLE_DEBUG_INFO = NO;
				MTL_FAST_MATH = YES;
				SDKROOT = iphoneos;
				SWIFT_COMPILATION_MODE = wholemodule;
				SWIFT_OPTIMIZATION_LEVEL = "-O";
				VALIDATE_PRODUCT = YES;
			};
			name = Release;
		};
		83ACB7862A02638300D5BE96 /* Debug */ = {
			isa = XCBuildConfiguration;
			buildSettings = {
				ASSETCATALOG_COMPILER_APPICON_NAME = AppIcon;
				ASSETCATALOG_COMPILER_GLOBAL_ACCENT_COLOR_NAME = AccentColor;
				CLANG_ENABLE_MODULES = YES;
				CODE_SIGN_STYLE = Automatic;
				CURRENT_PROJECT_VERSION = 1;
				DEVELOPMENT_TEAM = C98R3LCRK8;
				GENERATE_INFOPLIST_FILE = YES;
				INFOPLIST_FILE = tictactoe/Info.plist;
				INFOPLIST_KEY_UIApplicationSupportsIndirectInputEvents = YES;
				INFOPLIST_KEY_UILaunchStoryboardName = LaunchScreen;
				INFOPLIST_KEY_UIMainStoryboardFile = Main;
				INFOPLIST_KEY_UISupportedInterfaceOrientations_iPad = "UIInterfaceOrientationPortrait UIInterfaceOrientationPortraitUpsideDown UIInterfaceOrientationLandscapeLeft UIInterfaceOrientationLandscapeRight";
				INFOPLIST_KEY_UISupportedInterfaceOrientations_iPhone = "UIInterfaceOrientationPortrait UIInterfaceOrientationLandscapeLeft UIInterfaceOrientationLandscapeRight";
				LD_RUNPATH_SEARCH_PATHS = (
					"$(inherited)",
					"@executable_path/Frameworks",
				);
				MARKETING_VERSION = 1.0;
				PRODUCT_BUNDLE_IDENTIFIER = kaushal2m2.tictactoe;
				PRODUCT_NAME = "$(TARGET_NAME)";
				SWIFT_EMIT_LOC_STRINGS = YES;
				SWIFT_OBJC_BRIDGING_HEADER = "tictactoe/tictactoe-Bridging-Header.h";
				SWIFT_OPTIMIZATION_LEVEL = "-Onone";
				SWIFT_VERSION = 5.0;
				TARGETED_DEVICE_FAMILY = "1,2";
			};
			name = Debug;
		};
		83ACB7872A02638300D5BE96 /* Release */ = {
			isa = XCBuildConfiguration;
			buildSettings = {
				ASSETCATALOG_COMPILER_APPICON_NAME = AppIcon;
				ASSETCATALOG_COMPILER_GLOBAL_ACCENT_COLOR_NAME = AccentColor;
				CLANG_ENABLE_MODULES = YES;
				CODE_SIGN_STYLE = Automatic;
				CURRENT_PROJECT_VERSION = 1;
				DEVELOPMENT_TEAM = C98R3LCRK8;
				GENERATE_INFOPLIST_FILE = YES;
				INFOPLIST_FILE = tictactoe/Info.plist;
				INFOPLIST_KEY_UIApplicationSupportsIndirectInputEvents = YES;
				INFOPLIST_KEY_UILaunchStoryboardName = LaunchScreen;
				INFOPLIST_KEY_UIMainStoryboardFile = Main;
				INFOPLIST_KEY_UISupportedInterfaceOrientations_iPad = "UIInterfaceOrientationPortrait UIInterfaceOrientationPortraitUpsideDown UIInterfaceOrientationLandscapeLeft UIInterfaceOrientationLandscapeRight";
				INFOPLIST_KEY_UISupportedInterfaceOrientations_iPhone = "UIInterfaceOrientationPortrait UIInterfaceOrientationLandscapeLeft UIInterfaceOrientationLandscapeRight";
				LD_RUNPATH_SEARCH_PATHS = (
					"$(inherited)",
					"@executable_path/Frameworks",
				);
				MARKETING_VERSION = 1.0;
				PRODUCT_BUNDLE_IDENTIFIER = kaushal2m2.tictactoe;
				PRODUCT_NAME = "$(TARGET_NAME)";
				SWIFT_EMIT_LOC_STRINGS = YES;
				SWIFT_OBJC_BRIDGING_HEADER = "tictactoe/tictactoe-Bridging-Header.h";
				SWIFT_VERSION = 5.0;
				TARGETED_DEVICE_FAMILY = "1,2";
			};
			name = Release;
		};
		83ACB7892A02638300D5BE96 /* Debug */ = {
			isa = XCBuildConfiguration;
			buildSettings = {
				ALWAYS_EMBED_SWIFT_STANDARD_LIBRARIES = YES;
				BUNDLE_LOADER = "$(TEST_HOST)";
				CODE_SIGN_STYLE = Automatic;
				CURRENT_PROJECT_VERSION = 1;
				DEVELOPMENT_TEAM = C98R3LCRK8;
				GENERATE_INFOPLIST_FILE = YES;
				IPHONEOS_DEPLOYMENT_TARGET = 16.4;
				MARKETING_VERSION = 1.0;
				PRODUCT_BUNDLE_IDENTIFIER = kaushal2m2.tictactoeTests;
				PRODUCT_NAME = "$(TARGET_NAME)";
				SWIFT_EMIT_LOC_STRINGS = NO;
				SWIFT_VERSION = 5.0;
				TARGETED_DEVICE_FAMILY = "1,2";
				TEST_HOST = "$(BUILT_PRODUCTS_DIR)/tictactoe.app/$(BUNDLE_EXECUTABLE_FOLDER_PATH)/tictactoe";
			};
			name = Debug;
		};
		83ACB78A2A02638300D5BE96 /* Release */ = {
			isa = XCBuildConfiguration;
			buildSettings = {
				ALWAYS_EMBED_SWIFT_STANDARD_LIBRARIES = YES;
				BUNDLE_LOADER = "$(TEST_HOST)";
				CODE_SIGN_STYLE = Automatic;
				CURRENT_PROJECT_VERSION = 1;
				DEVELOPMENT_TEAM = C98R3LCRK8;
				GENERATE_INFOPLIST_FILE = YES;
				IPHONEOS_DEPLOYMENT_TARGET = 16.4;
				MARKETING_VERSION = 1.0;
				PRODUCT_BUNDLE_IDENTIFIER = kaushal2m2.tictactoeTests;
				PRODUCT_NAME = "$(TARGET_NAME)";
				SWIFT_EMIT_LOC_STRINGS = NO;
				SWIFT_VERSION = 5.0;
				TARGETED_DEVICE_FAMILY = "1,2";
				TEST_HOST = "$(BUILT_PRODUCTS_DIR)/tictactoe.app/$(BUNDLE_EXECUTABLE_FOLDER_PATH)/tictactoe";
			};
			name = Release;
		};
		83ACB78C2A02638300D5BE96 /* Debug */ = {
			isa = XCBuildConfiguration;
			buildSettings = {
				ALWAYS_EMBED_SWIFT_STANDARD_LIBRARIES = YES;
				CODE_SIGN_STYLE = Automatic;
				CURRENT_PROJECT_VERSION = 1;
				DEVELOPMENT_TEAM = C98R3LCRK8;
				GENERATE_INFOPLIST_FILE = YES;
				MARKETING_VERSION = 1.0;
				PRODUCT_BUNDLE_IDENTIFIER = kaushal2m2.tictactoeUITests;
				PRODUCT_NAME = "$(TARGET_NAME)";
				SWIFT_EMIT_LOC_STRINGS = NO;
				SWIFT_VERSION = 5.0;
				TARGETED_DEVICE_FAMILY = "1,2";
				TEST_TARGET_NAME = tictactoe;
			};
			name = Debug;
		};
		83ACB78D2A02638300D5BE96 /* Release */ = {
			isa = XCBuildConfiguration;
			buildSettings = {
				ALWAYS_EMBED_SWIFT_STANDARD_LIBRARIES = YES;
				CODE_SIGN_STYLE = Automatic;
				CURRENT_PROJECT_VERSION = 1;
				DEVELOPMENT_TEAM = C98R3LCRK8;
				GENERATE_INFOPLIST_FILE = YES;
				MARKETING_VERSION = 1.0;
				PRODUCT_BUNDLE_IDENTIFIER = kaushal2m2.tictactoeUITests;
				PRODUCT_NAME = "$(TARGET_NAME)";
				SWIFT_EMIT_LOC_STRINGS = NO;
				SWIFT_VERSION = 5.0;
				TARGETED_DEVICE_FAMILY = "1,2";
				TEST_TARGET_NAME = tictactoe;
			};
			name = Release;
		};
/* End XCBuildConfiguration section */

/* Begin XCConfigurationList section */
		83ACB7562A02638200D5BE96 /* Build configuration list for PBXProject "tictactoe" */ = {
			isa = XCConfigurationList;
			buildConfigurations = (
				83ACB7832A02638300D5BE96 /* Debug */,
				83ACB7842A02638300D5BE96 /* Release */,
			);
			defaultConfigurationIsVisible = 0;
			defaultConfigurationName = Release;
		};
		83ACB7852A02638300D5BE96 /* Build configuration list for PBXNativeTarget "tictactoe" */ = {
			isa = XCConfigurationList;
			buildConfigurations = (
				83ACB7862A02638300D5BE96 /* Debug */,
				83ACB7872A02638300D5BE96 /* Release */,
			);
			defaultConfigurationIsVisible = 0;
			defaultConfigurationName = Release;
		};
		83ACB7882A02638300D5BE96 /* Build configuration list for PBXNativeTarget "tictactoeTests" */ = {
			isa = XCConfigurationList;
			buildConfigurations = (
				83ACB7892A02638300D5BE96 /* Debug */,
				83ACB78A2A02638300D5BE96 /* Release */,
			);
			defaultConfigurationIsVisible = 0;
			defaultConfigurationName = Release;
		};
		83ACB78B2A02638300D5BE96 /* Build configuration list for PBXNativeTarget "tictactoeUITests" */ = {
			isa = XCConfigurationList;
			buildConfigurations = (
				83ACB78C2A02638300D5BE96 /* Debug */,
				83ACB78D2A02638300D5BE96 /* Release */,
			);
			defaultConfigurationIsVisible = 0;
			defaultConfigurationName = Release;
		};
/* End XCConfigurationList section */
	};
	rootObject = 83ACB7532A02638200D5BE96 /* Project object */;
}
